
Microsoft Visual Studio Solution File, Format Version 12.00
# Visual Studio Version 16
VisualStudioVersion = 16.0.29613.14
MinimumVisualStudioVersion = 10.0.40219.1
Project("{FAE04EC0-301F-11D3-BF4B-00C04F79EFBC}") = "Introducao", "Introducao\Introducao.csproj", "{FE938373-CCA5-4AD0-932F-18A1E7C8EA07}"
EndProject
Global
	GlobalSection(SolutionConfigurationPlatforms) = preSolution
		Debug|Any CPU = Debug|Any CPU
		Release|Any CPU = Release|Any CPU
	EndGlobalSection
	GlobalSection(ProjectConfigurationPlatforms) = postSolution
		{FE938373-CCA5-4AD0-932F-18A1E7C8EA07}.Debug|Any CPU.ActiveCfg = Debug|Any CPU
		{FE938373-CCA5-4AD0-932F-18A1E7C8EA07}.Debug|Any CPU.Build.0 = Debug|Any CPU
		{FE938373-CCA5-4AD0-932F-18A1E7C8EA07}.Release|Any CPU.ActiveCfg = Release|Any CPU
		{FE938373-CCA5-4AD0-932F-18A1E7C8EA07}.Release|Any CPU.Build.0 = Release|Any CPU
	EndGlobalSection
	GlobalSection(SolutionProperties) = preSolution
		HideSolutionNode = FALSE
	EndGlobalSection
	GlobalSection(ExtensibilityGlobals) = postSolution
		SolutionGuid = {223DFD94-1C22-4BB3-947C-07739E9FB93A}
	EndGlobalSection
EndGlobal
